
Microsoft Visual Studio Solution File, Format Version 12.00
# Visual Studio Version 17
VisualStudioVersion = 17.0.31903.59
MinimumVisualStudioVersion = 10.0.40219.1
Project("{9A19103F-16F7-4668-BE54-9A1E7A4F7556}") = "exercise.main", "exercise.main\exercise.main.csproj", "{0AE5A871-4AB0-4796-ABB4-0C52974685B6}"
EndProject
Project("{9A19103F-16F7-4668-BE54-9A1E7A4F7556}") = "exercise.tests", "exercise.tests\exercise.tests.csproj", "{08560AB4-7501-4D0A-BD63-E606F2C9C0E9}"
EndProject
Project("{2150E333-8FDC-42A3-9474-1A3956D46DE8}") = "Solution Items", "Solution Items", "{A44DF673-0E85-42CC-8BF1-8CF1EB468A21}"
	ProjectSection(SolutionItems) = preProject
		.gitignore = .gitignore
		exercise.main\PREREQUISITES.md = exercise.main\PREREQUISITES.md
		README.md = README.md
	EndProjectSection
EndProject
Global
	GlobalSection(SolutionConfigurationPlatforms) = preSolution
		Debug|Any CPU = Debug|Any CPU
		Release|Any CPU = Release|Any CPU
	EndGlobalSection
	GlobalSection(ProjectConfigurationPlatforms) = postSolution
		{0AE5A871-4AB0-4796-ABB4-0C52974685B6}.Debug|Any CPU.ActiveCfg = Debug|Any CPU
		{0AE5A871-4AB0-4796-ABB4-0C52974685B6}.Debug|Any CPU.Build.0 = Debug|Any CPU
		{0AE5A871-4AB0-4796-ABB4-0C52974685B6}.Release|Any CPU.ActiveCfg = Release|Any CPU
		{0AE5A871-4AB0-4796-ABB4-0C52974685B6}.Release|Any CPU.Build.0 = Release|Any CPU
		{08560AB4-7501-4D0A-BD63-E606F2C9C0E9}.Debug|Any CPU.ActiveCfg = Debug|Any CPU
		{08560AB4-7501-4D0A-BD63-E606F2C9C0E9}.Debug|Any CPU.Build.0 = Debug|Any CPU
		{08560AB4-7501-4D0A-BD63-E606F2C9C0E9}.Release|Any CPU.ActiveCfg = Release|Any CPU
		{08560AB4-7501-4D0A-BD63-E606F2C9C0E9}.Release|Any CPU.Build.0 = Release|Any CPU
	EndGlobalSection
	GlobalSection(SolutionProperties) = preSolution
		HideSolutionNode = FALSE
	EndGlobalSection
EndGlobal
